// !$*UTF8*$!
{
	archiveVersion = 1;
	classes = {
	};
	objectVersion = 46;
	objects = {

/* Begin PBXBuildFile section */
		FA9723E6185BAD2E0062DA09 /* Cocoa.framework in Frameworks */ = {isa = PBXBuildFile; fileRef = FA9723E5185BAD2E0062DA09 /* Cocoa.framework */; };
		FA9723F0185BAD2E0062DA09 /* InfoPlist.strings in Resources */ = {isa = PBXBuildFile; fileRef = FA9723EE185BAD2E0062DA09 /* InfoPlist.strings */; };
		FA9723F2185BAD2E0062DA09 /* main.m in Sources */ = {isa = PBXBuildFile; fileRef = FA9723F1185BAD2E0062DA09 /* main.m */; };
		FA9723F6185BAD2E0062DA09 /* Credits.rtf in Resources */ = {isa = PBXBuildFile; fileRef = FA9723F4185BAD2E0062DA09 /* Credits.rtf */; };
		FA9723F9185BAD2E0062DA09 /* ANAppDelegate.m in Sources */ = {isa = PBXBuildFile; fileRef = FA9723F8185BAD2E0062DA09 /* ANAppDelegate.m */; };
		FA9723FC185BAD2E0062DA09 /* MainMenu.xib in Resources */ = {isa = PBXBuildFile; fileRef = FA9723FA185BAD2E0062DA09 /* MainMenu.xib */; };
		FA9723FE185BAD2E0062DA09 /* Images.xcassets in Resources */ = {isa = PBXBuildFile; fileRef = FA9723FD185BAD2E0062DA09 /* Images.xcassets */; };
		FA972405185BAD2E0062DA09 /* XCTest.framework in Frameworks */ = {isa = PBXBuildFile; fileRef = FA972404185BAD2E0062DA09 /* XCTest.framework */; };
		FA972406185BAD2E0062DA09 /* Cocoa.framework in Frameworks */ = {isa = PBXBuildFile; fileRef = FA9723E5185BAD2E0062DA09 /* Cocoa.framework */; };
		FA97240E185BAD2E0062DA09 /* InfoPlist.strings in Resources */ = {isa = PBXBuildFile; fileRef = FA97240C185BAD2E0062DA09 /* InfoPlist.strings */; };
		FA972410185BAD2E0062DA09 /* FTPTransferTests.m in Sources */ = {isa = PBXBuildFile; fileRef = FA97240F185BAD2E0062DA09 /* FTPTransferTests.m */; };
/* End PBXBuildFile section */

/* Begin PBXContainerItemProxy section */
		FA972407185BAD2E0062DA09 /* PBXContainerItemProxy */ = {
			isa = PBXContainerItemProxy;
			containerPortal = FA9723DA185BAD2E0062DA09 /* Project object */;
			proxyType = 1;
			remoteGlobalIDString = FA9723E1185BAD2E0062DA09;
			remoteInfo = FTPTransfer;
		};
/* End PBXContainerItemProxy section */

/* Begin PBXFileReference section */
		FA9723E2185BAD2E0062DA09 /* FTPTransfer.app */ = {isa = PBXFileReference; explicitFileType = wrapper.application; includeInIndex = 0; path = FTPTransfer.app; sourceTree = BUILT_PRODUCTS_DIR; };
		FA9723E5185BAD2E0062DA09 /* Cocoa.framework */ = {isa = PBXFileReference; lastKnownFileType = wrapper.framework; name = Cocoa.framework; path = System/Library/Frameworks/Cocoa.framework; sourceTree = SDKROOT; };
		FA9723E8185BAD2E0062DA09 /* AppKit.framework */ = {isa = PBXFileReference; lastKnownFileType = wrapper.framework; name = AppKit.framework; path = System/Library/Frameworks/AppKit.framework; sourceTree = SDKROOT; };
		FA9723E9185BAD2E0062DA09 /* CoreData.framework */ = {isa = PBXFileReference; lastKnownFileType = wrapper.framework; name = CoreData.framework; path = System/Library/Frameworks/CoreData.framework; sourceTree = SDKROOT; };
		FA9723EA185BAD2E0062DA09 /* Foundation.framework */ = {isa = PBXFileReference; lastKnownFileType = wrapper.framework; name = Foundation.framework; path = System/Library/Frameworks/Foundation.framework; sourceTree = SDKROOT; };
		FA9723ED185BAD2E0062DA09 /* FTPTransfer-Info.plist */ = {isa = PBXFileReference; lastKnownFileType = text.plist.xml; path = "FTPTransfer-Info.plist"; sourceTree = "<group>"; };
		FA9723EF185BAD2E0062DA09 /* en */ = {isa = PBXFileReference; lastKnownFileType = text.plist.strings; name = en; path = en.lproj/InfoPlist.strings; sourceTree = "<group>"; };
		FA9723F1185BAD2E0062DA09 /* main.m */ = {isa = PBXFileReference; lastKnownFileType = sourcecode.c.objc; path = main.m; sourceTree = "<group>"; };
		FA9723F3185BAD2E0062DA09 /* FTPTransfer-Prefix.pch */ = {isa = PBXFileReference; lastKnownFileType = sourcecode.c.h; path = "FTPTransfer-Prefix.pch"; sourceTree = "<group>"; };
		FA9723F5185BAD2E0062DA09 /* en */ = {isa = PBXFileReference; lastKnownFileType = text.rtf; name = en; path = en.lproj/Credits.rtf; sourceTree = "<group>"; };
		FA9723F7185BAD2E0062DA09 /* ANAppDelegate.h */ = {isa = PBXFileReference; lastKnownFileType = sourcecode.c.h; path = ANAppDelegate.h; sourceTree = "<group>"; };
		FA9723F8185BAD2E0062DA09 /* ANAppDelegate.m */ = {isa = PBXFileReference; lastKnownFileType = sourcecode.c.objc; path = ANAppDelegate.m; sourceTree = "<group>"; };
		FA9723FB185BAD2E0062DA09 /* Base */ = {isa = PBXFileReference; lastKnownFileType = file.xib; name = Base; path = Base.lproj/MainMenu.xib; sourceTree = "<group>"; };
		FA9723FD185BAD2E0062DA09 /* Images.xcassets */ = {isa = PBXFileReference; lastKnownFileType = folder.assetcatalog; path = Images.xcassets; sourceTree = "<group>"; };
		FA972403185BAD2E0062DA09 /* FTPTransferTests.xctest */ = {isa = PBXFileReference; explicitFileType = wrapper.cfbundle; includeInIndex = 0; path = FTPTransferTests.xctest; sourceTree = BUILT_PRODUCTS_DIR; };
		FA972404185BAD2E0062DA09 /* XCTest.framework */ = {isa = PBXFileReference; lastKnownFileType = wrapper.framework; name = XCTest.framework; path = Library/Frameworks/XCTest.framework; sourceTree = DEVELOPER_DIR; };
		FA97240B185BAD2E0062DA09 /* FTPTransferTests-Info.plist */ = {isa = PBXFileReference; lastKnownFileType = text.plist.xml; path = "FTPTransferTests-Info.plist"; sourceTree = "<group>"; };
		FA97240D185BAD2E0062DA09 /* en */ = {isa = PBXFileReference; lastKnownFileType = text.plist.strings; name = en; path = en.lproj/InfoPlist.strings; sourceTree = "<group>"; };
		FA97240F185BAD2E0062DA09 /* FTPTransferTests.m */ = {isa = PBXFileReference; lastKnownFileType = sourcecode.c.objc; path = FTPTransferTests.m; sourceTree = "<group>"; };
/* End PBXFileReference section */

/* Begin PBXFrameworksBuildPhase section */
		FA9723DF185BAD2E0062DA09 /* Frameworks */ = {
			isa = PBXFrameworksBuildPhase;
			buildActionMask = 2147483647;
			files = (
				FA9723E6185BAD2E0062DA09 /* Cocoa.framework in Frameworks */,
			);
			runOnlyForDeploymentPostprocessing = 0;
		};
		FA972400185BAD2E0062DA09 /* Frameworks */ = {
			isa = PBXFrameworksBuildPhase;
			buildActionMask = 2147483647;
			files = (
				FA972406185BAD2E0062DA09 /* Cocoa.framework in Frameworks */,
				FA972405185BAD2E0062DA09 /* XCTest.framework in Frameworks */,
			);
			runOnlyForDeploymentPostprocessing = 0;
		};
/* End PBXFrameworksBuildPhase section */

/* Begin PBXGroup section */
		FA9723D9185BAD2E0062DA09 = {
			isa = PBXGroup;
			children = (
				FA9723EB185BAD2E0062DA09 /* FTPTransfer */,
				FA972409185BAD2E0062DA09 /* FTPTransferTests */,
				FA9723E4185BAD2E0062DA09 /* Frameworks */,
				FA9723E3185BAD2E0062DA09 /* Products */,
			);
			sourceTree = "<group>";
		};
		FA9723E3185BAD2E0062DA09 /* Products */ = {
			isa = PBXGroup;
			children = (
				FA9723E2185BAD2E0062DA09 /* FTPTransfer.app */,
				FA972403185BAD2E0062DA09 /* FTPTransferTests.xctest */,
			);
			name = Products;
			sourceTree = "<group>";
		};
		FA9723E4185BAD2E0062DA09 /* Frameworks */ = {
			isa = PBXGroup;
			children = (
				FA9723E5185BAD2E0062DA09 /* Cocoa.framework */,
				FA972404185BAD2E0062DA09 /* XCTest.framework */,
				FA9723E7185BAD2E0062DA09 /* Other Frameworks */,
			);
			name = Frameworks;
			sourceTree = "<group>";
		};
		FA9723E7185BAD2E0062DA09 /* Other Frameworks */ = {
			isa = PBXGroup;
			children = (
				FA9723E8185BAD2E0062DA09 /* AppKit.framework */,
				FA9723E9185BAD2E0062DA09 /* CoreData.framework */,
				FA9723EA185BAD2E0062DA09 /* Foundation.framework */,
			);
			name = "Other Frameworks";
			sourceTree = "<group>";
		};
		FA9723EB185BAD2E0062DA09 /* FTPTransfer */ = {
			isa = PBXGroup;
			children = (
				FA9723F7185BAD2E0062DA09 /* ANAppDelegate.h */,
				FA9723F8185BAD2E0062DA09 /* ANAppDelegate.m */,
				FA9723FA185BAD2E0062DA09 /* MainMenu.xib */,
				FA9723FD185BAD2E0062DA09 /* Images.xcassets */,
				FA9723EC185BAD2E0062DA09 /* Supporting Files */,
			);
			path = FTPTransfer;
			sourceTree = "<group>";
		};
		FA9723EC185BAD2E0062DA09 /* Supporting Files */ = {
			isa = PBXGroup;
			children = (
				FA9723ED185BAD2E0062DA09 /* FTPTransfer-Info.plist */,
				FA9723EE185BAD2E0062DA09 /* InfoPlist.strings */,
				FA9723F1185BAD2E0062DA09 /* main.m */,
				FA9723F3185BAD2E0062DA09 /* FTPTransfer-Prefix.pch */,
				FA9723F4185BAD2E0062DA09 /* Credits.rtf */,
			);
			name = "Supporting Files";
			sourceTree = "<group>";
		};
		FA972409185BAD2E0062DA09 /* FTPTransferTests */ = {
			isa = PBXGroup;
			children = (
				FA97240F185BAD2E0062DA09 /* FTPTransferTests.m */,
				FA97240A185BAD2E0062DA09 /* Supporting Files */,
			);
			path = FTPTransferTests;
			sourceTree = "<group>";
		};
		FA97240A185BAD2E0062DA09 /* Supporting Files */ = {
			isa = PBXGroup;
			children = (
				FA97240B185BAD2E0062DA09 /* FTPTransferTests-Info.plist */,
				FA97240C185BAD2E0062DA09 /* InfoPlist.strings */,
			);
			name = "Supporting Files";
			sourceTree = "<group>";
		};
/* End PBXGroup section */

/* Begin PBXNativeTarget section */
		FA9723E1185BAD2E0062DA09 /* FTPTransfer */ = {
			isa = PBXNativeTarget;
			buildConfigurationList = FA972413185BAD2E0062DA09 /* Build configuration list for PBXNativeTarget "FTPTransfer" */;
			buildPhases = (
				FA9723DE185BAD2E0062DA09 /* Sources */,
				FA9723DF185BAD2E0062DA09 /* Frameworks */,
				FA9723E0185BAD2E0062DA09 /* Resources */,
			);
			buildRules = (
			);
			dependencies = (
			);
			name = FTPTransfer;
			productName = FTPTransfer;
			productReference = FA9723E2185BAD2E0062DA09 /* FTPTransfer.app */;
			productType = "com.apple.product-type.application";
		};
		FA972402185BAD2E0062DA09 /* FTPTransferTests */ = {
			isa = PBXNativeTarget;
			buildConfigurationList = FA972416185BAD2E0062DA09 /* Build configuration list for PBXNativeTarget "FTPTransferTests" */;
			buildPhases = (
				FA9723FF185BAD2E0062DA09 /* Sources */,
				FA972400185BAD2E0062DA09 /* Frameworks */,
				FA972401185BAD2E0062DA09 /* Resources */,
			);
			buildRules = (
			);
			dependencies = (
				FA972408185BAD2E0062DA09 /* PBXTargetDependency */,
			);
			name = FTPTransferTests;
			productName = FTPTransferTests;
			productReference = FA972403185BAD2E0062DA09 /* FTPTransferTests.xctest */;
			productType = "com.apple.product-type.bundle.unit-test";
		};
/* End PBXNativeTarget section */

/* Begin PBXProject section */
		FA9723DA185BAD2E0062DA09 /* Project object */ = {
			isa = PBXProject;
			attributes = {
				CLASSPREFIX = AN;
				LastUpgradeCheck = 0500;
				ORGANIZATIONNAME = "Alex Nichol";
				TargetAttributes = {
					FA972402185BAD2E0062DA09 = {
						TestTargetID = FA9723E1185BAD2E0062DA09;
					};
				};
			};
			buildConfigurationList = FA9723DD185BAD2E0062DA09 /* Build configuration list for PBXProject "FTPTransfer" */;
			compatibilityVersion = "Xcode 3.2";
			developmentRegion = English;
			hasScannedForEncodings = 0;
			knownRegions = (
				en,
				Base,
			);
			mainGroup = FA9723D9185BAD2E0062DA09;
			productRefGroup = FA9723E3185BAD2E0062DA09 /* Products */;
			projectDirPath = "";
			projectRoot = "";
			targets = (
				FA9723E1185BAD2E0062DA09 /* FTPTransfer */,
				FA972402185BAD2E0062DA09 /* FTPTransferTests */,
			);
		};
/* End PBXProject section */

/* Begin PBXResourcesBuildPhase section */
		FA9723E0185BAD2E0062DA09 /* Resources */ = {
			isa = PBXResourcesBuildPhase;
			buildActionMask = 2147483647;
			files = (
				FA9723F0185BAD2E0062DA09 /* InfoPlist.strings in Resources */,
				FA9723FE185BAD2E0062DA09 /* Images.xcassets in Resources */,
				FA9723F6185BAD2E0062DA09 /* Credits.rtf in Resources */,
				FA9723FC185BAD2E0062DA09 /* MainMenu.xib in Resources */,
			);
			runOnlyForDeploymentPostprocessing = 0;
		};
		FA972401185BAD2E0062DA09 /* Resources */ = {
			isa = PBXResourcesBuildPhase;
			buildActionMask = 2147483647;
			files = (
				FA97240E185BAD2E0062DA09 /* InfoPlist.strings in Resources */,
			);
			runOnlyForDeploymentPostprocessing = 0;
		};
/* End PBXResourcesBuildPhase section */

/* Begin PBXSourcesBuildPhase section */
		FA9723DE185BAD2E0062DA09 /* Sources */ = {
			isa = PBXSourcesBuildPhase;
			buildActionMask = 2147483647;
			files = (
				FA9723F2185BAD2E0062DA09 /* main.m in Sources */,
				FA9723F9185BAD2E0062DA09 /* ANAppDelegate.m in Sources */,
			);
			runOnlyForDeploymentPostprocessing = 0;
		};
		FA9723FF185BAD2E0062DA09 /* Sources */ = {
			isa = PBXSourcesBuildPhase;
			buildActionMask = 2147483647;
			files = (
				FA972410185BAD2E0062DA09 /* FTPTransferTests.m in Sources */,
			);
			runOnlyForDeploymentPostprocessing = 0;
		};
/* End PBXSourcesBuildPhase section */

/* Begin PBXTargetDependency section */
		FA972408185BAD2E0062DA09 /* PBXTargetDependency */ = {
			isa = PBXTargetDependency;
			target = FA9723E1185BAD2E0062DA09 /* FTPTransfer */;
			targetProxy = FA972407185BAD2E0062DA09 /* PBXContainerItemProxy */;
		};
/* End PBXTargetDependency section */

/* Begin PBXVariantGroup section */
		FA9723EE185BAD2E0062DA09 /* InfoPlist.strings */ = {
			isa = PBXVariantGroup;
			children = (
				FA9723EF185BAD2E0062DA09 /* en */,
			);
			name = InfoPlist.strings;
			sourceTree = "<group>";
		};
		FA9723F4185BAD2E0062DA09 /* Credits.rtf */ = {
			isa = PBXVariantGroup;
			children = (
				FA9723F5185BAD2E0062DA09 /* en */,
			);
			name = Credits.rtf;
			sourceTree = "<group>";
		};
		FA9723FA185BAD2E0062DA09 /* MainMenu.xib */ = {
			isa = PBXVariantGroup;
			children = (
				FA9723FB185BAD2E0062DA09 /* Base */,
			);
			name = MainMenu.xib;
			sourceTree = "<group>";
		};
		FA97240C185BAD2E0062DA09 /* InfoPlist.strings */ = {
			isa = PBXVariantGroup;
			children = (
				FA97240D185BAD2E0062DA09 /* en */,
			);
			name = InfoPlist.strings;
			sourceTree = "<group>";
		};
/* End PBXVariantGroup section */

/* Begin XCBuildConfiguration section */
		FA972411185BAD2E0062DA09 /* Debug */ = {
			isa = XCBuildConfiguration;
			buildSettings = {
				ALWAYS_SEARCH_USER_PATHS = NO;
				CLANG_CXX_LANGUAGE_STANDARD = "gnu++0x";
				CLANG_CXX_LIBRARY = "libc++";
				CLANG_ENABLE_OBJC_ARC = YES;
				CLANG_WARN_BOOL_CONVERSION = YES;
				CLANG_WARN_CONSTANT_CONVERSION = YES;
				CLANG_WARN_DIRECT_OBJC_ISA_USAGE = YES_ERROR;
				CLANG_WARN_EMPTY_BODY = YES;
				CLANG_WARN_ENUM_CONVERSION = YES;
				CLANG_WARN_INT_CONVERSION = YES;
				CLANG_WARN_OBJC_ROOT_CLASS = YES_ERROR;
				CLANG_WARN__DUPLICATE_METHOD_MATCH = YES;
				COPY_PHASE_STRIP = NO;
				GCC_C_LANGUAGE_STANDARD = gnu99;
				GCC_DYNAMIC_NO_PIC = NO;
				GCC_ENABLE_OBJC_EXCEPTIONS = YES;
				GCC_OPTIMIZATION_LEVEL = 0;
				GCC_PREPROCESSOR_DEFINITIONS = (
					"DEBUG=1",
					"$(inherited)",
				);
				GCC_SYMBOLS_PRIVATE_EXTERN = NO;
				GCC_WARN_64_TO_32_BIT_CONVERSION = YES;
				GCC_WARN_ABOUT_RETURN_TYPE = YES_ERROR;
				GCC_WARN_UNDECLARED_SELECTOR = YES;
				GCC_WARN_UNINITIALIZED_AUTOS = YES;
				GCC_WARN_UNUSED_FUNCTION = YES;
				GCC_WARN_UNUSED_VARIABLE = YES;
				MACOSX_DEPLOYMENT_TARGET = 10.9;
				ONLY_ACTIVE_ARCH = YES;
				SDKROOT = macosx;
			};
			name = Debug;
		};
		FA972412185BAD2E0062DA09 /* Release */ = {
			isa = XCBuildConfiguration;
			buildSettings = {
				ALWAYS_SEARCH_USER_PATHS = NO;
				CLANG_CXX_LANGUAGE_STANDARD = "gnu++0x";
				CLANG_CXX_LIBRARY = "libc++";
				CLANG_ENABLE_OBJC_ARC = YES;
				CLANG_WARN_BOOL_CONVERSION = YES;
				CLANG_WARN_CONSTANT_CONVERSION = YES;
				CLANG_WARN_DIRECT_OBJC_ISA_USAGE = YES_ERROR;
				CLANG_WARN_EMPTY_BODY = YES;
				CLANG_WARN_ENUM_CONVERSION = YES;
				CLANG_WARN_INT_CONVERSION = YES;
				CLANG_WARN_OBJC_ROOT_CLASS = YES_ERROR;
				CLANG_WARN__DUPLICATE_METHOD_MATCH = YES;
				COPY_PHASE_STRIP = YES;
				DEBUG_INFORMATION_FORMAT = "dwarf-with-dsym";
				ENABLE_NS_ASSERTIONS = NO;
				GCC_C_LANGUAGE_STANDARD = gnu99;
				GCC_ENABLE_OBJC_EXCEPTIONS = YES;
				GCC_WARN_64_TO_32_BIT_CONVERSION = YES;
				GCC_WARN_ABOUT_RETURN_TYPE = YES_ERROR;
				GCC_WARN_UNDECLARED_SELECTOR = YES;
				GCC_WARN_UNINITIALIZED_AUTOS = YES;
				GCC_WARN_UNUSED_FUNCTION = YES;
				GCC_WARN_UNUSED_VARIABLE = YES;
				MACOSX_DEPLOYMENT_TARGET = 10.9;
				SDKROOT = macosx;
			};
			name = Release;
		};
		FA972414185BAD2E0062DA09 /* Debug */ = {
			isa = XCBuildConfiguration;
			buildSettings = {
				ASSETCATALOG_COMPILER_APPICON_NAME = AppIcon;
				COMBINE_HIDPI_IMAGES = YES;
				GCC_PRECOMPILE_PREFIX_HEADER = YES;
				GCC_PREFIX_HEADER = "FTPTransfer/FTPTransfer-Prefix.pch";
				INFOPLIST_FILE = "FTPTransfer/FTPTransfer-Info.plist";
				PRODUCT_NAME = "$(TARGET_NAME)";
				WRAPPER_EXTENSION = app;
			};
			name = Debug;
		};
		FA972415185BAD2E0062DA09 /* Release */ = {
			isa = XCBuildConfiguration;
			buildSettings = {
				ASSETCATALOG_COMPILER_APPICON_NAME = AppIcon;
				COMBINE_HIDPI_IMAGES = YES;
				GCC_PRECOMPILE_PREFIX_HEADER = YES;
				GCC_PREFIX_HEADER = "FTPTransfer/FTPTransfer-Prefix.pch";
				INFOPLIST_FILE = "FTPTransfer/FTPTransfer-Info.plist";
				PRODUCT_NAME = "$(TARGET_NAME)";
				WRAPPER_EXTENSION = app;
			};
			name = Release;
		};
		FA972417185BAD2E0062DA09 /* Debug */ = {
			isa = XCBuildConfiguration;
			buildSettings = {
				BUNDLE_LOADER = "$(BUILT_PRODUCTS_DIR)/FTPTransfer.app/Contents/MacOS/FTPTransfer";
				COMBINE_HIDPI_IMAGES = YES;
				FRAMEWORK_SEARCH_PATHS = (
					"$(DEVELOPER_FRAMEWORKS_DIR)",
					"$(inherited)",
				);
				GCC_PRECOMPILE_PREFIX_HEADER = YES;
				GCC_PREFIX_HEADER = "FTPTransfer/FTPTransfer-Prefix.pch";
				GCC_PREPROCESSOR_DEFINITIONS = (
					"DEBUG=1",
					"$(inherited)",
				);
				INFOPLIST_FILE = "FTPTransferTests/FTPTransferTests-Info.plist";
				PRODUCT_NAME = "$(TARGET_NAME)";
				TEST_HOST = "$(BUNDLE_LOADER)";
				WRAPPER_EXTENSION = xctest;
			};
			name = Debug;
		};
		FA972418185BAD2E0062DA09 /* Release */ = {
			isa = XCBuildConfiguration;
			buildSettings = {
				BUNDLE_LOADER = "$(BUILT_PRODUCTS_DIR)/FTPTransfer.app/Contents/MacOS/FTPTransfer";
				COMBINE_HIDPI_IMAGES = YES;
				FRAMEWORK_SEARCH_PATHS = (
					"$(DEVELOPER_FRAMEWORKS_DIR)",
					"$(inherited)",
				);
				GCC_PRECOMPILE_PREFIX_HEADER = YES;
				GCC_PREFIX_HEADER = "FTPTransfer/FTPTransfer-Prefix.pch";
				INFOPLIST_FILE = "FTPTransferTests/FTPTransferTests-Info.plist";
				PRODUCT_NAME = "$(TARGET_NAME)";
				TEST_HOST = "$(BUNDLE_LOADER)";
				WRAPPER_EXTENSION = xctest;
			};
			name = Release;
		};
/* End XCBuildConfiguration section */

/* Begin XCConfigurationList section */
		FA9723DD185BAD2E0062DA09 /* Build configuration list for PBXProject "FTPTransfer" */ = {
			isa = XCConfigurationList;
			buildConfigurations = (
				FA972411185BAD2E0062DA09 /* Debug */,
				FA972412185BAD2E0062DA09 /* Release */,
			);
			defaultConfigurationIsVisible = 0;
			defaultConfigurationName = Release;
		};
		FA972413185BAD2E0062DA09 /* Build configuration list for PBXNativeTarget "FTPTransfer" */ = {
			isa = XCConfigurationList;
			buildConfigurations = (
				FA972414185BAD2E0062DA09 /* Debug */,
				FA972415185BAD2E0062DA09 /* Release */,
			);
			defaultConfigurationIsVisible = 0;
		};
		FA972416185BAD2E0062DA09 /* Build configuration list for PBXNativeTarget "FTPTransferTests" */ = {
			isa = XCConfigurationList;
			buildConfigurations = (
				FA972417185BAD2E0062DA09 /* Debug */,
				FA972418185BAD2E0062DA09 /* Release */,
			);
			defaultConfigurationIsVisible = 0;
		};
/* End XCConfigurationList section */
	};
	rootObject = FA9723DA185BAD2E0062DA09 /* Project object */;
}
